
Microsoft Visual Studio Solution File, Format Version 12.00
# Visual Studio 15
VisualStudioVersion = 15.0.28307.1000
MinimumVisualStudioVersion = 10.0.40219.1
Project("{8BC9CEB8-8B4A-11D0-8D11-00A0C91BC942}") = "qckdev.Arduino", "qckdev.Arduino\qckdev.Arduino.vcxitems", "{6A6907AF-1870-42DE-96F9-4B56C7503822}"
EndProject
Project("{8BC9CEB8-8B4A-11D0-8D11-00A0C91BC942}") = "qckdev.ESP.WebServer", "qckdev.ESP.WebServer\qckdev.ESP.WebServer.vcxitems", "{392E88A0-556A-4927-8AE8-37D0A9178154}"
EndProject
Project("{8BC9CEB8-8B4A-11D0-8D11-00A0C91BC942}") = "qckdev.ESP.WiFi", "qckdev.ESP.WiFi\qckdev.ESP.WiFi.vcxitems", "{8A625961-956E-43CE-9629-2E834C833343}"
EndProject
Project("{8BC9CEB8-8B4A-11D0-8D11-00A0C91BC942}") = "qckdev.Arduino.LinkedList", "qckdev.Arduino.LinkedList\qckdev.Arduino.LinkedList.vcxitems", "{1F1ADD5B-F7A3-4D14-9BBB-6095B8FAE90B}"
EndProject
Global
	GlobalSection(SharedMSBuildProjectFiles) = preSolution
		qckdev.Arduino.LinkedList\qckdev.Arduino.LinkedList.vcxitems*{1f1add5b-f7a3-4d14-9bbb-6095b8fae90b}*SharedItemsImports = 9
		qckdev.ESP.WebServer\qckdev.ESP.WebServer.vcxitems*{392e88a0-556a-4927-8ae8-37d0a9178154}*SharedItemsImports = 9
		qckdev.Arduino\qckdev.Arduino.vcxitems*{6a6907af-1870-42de-96f9-4b56c7503822}*SharedItemsImports = 9
		qckdev.ESP.WiFi\qckdev.ESP.WiFi.vcxitems*{8a625961-956e-43ce-9629-2e834c833343}*SharedItemsImports = 9
	EndGlobalSection
	GlobalSection(SolutionConfigurationPlatforms) = preSolution
		Debug|x64 = Debug|x64
		Debug|x86 = Debug|x86
		Release|x64 = Release|x64
		Release|x86 = Release|x86
	EndGlobalSection
	GlobalSection(SolutionProperties) = preSolution
		HideSolutionNode = FALSE
	EndGlobalSection
	GlobalSection(ExtensibilityGlobals) = postSolution
		SolutionGuid = {5C486C65-1687-484D-8C25-0295317DFFD5}
	EndGlobalSection
EndGlobal
