
Microsoft Visual Studio Solution File, Format Version 12.00
# Visual Studio 15
VisualStudioVersion = 15.0.28307.1000
MinimumVisualStudioVersion = 10.0.40219.1
Project("{8BC9CEB8-8B4A-11D0-8D11-00A0C91BC942}") = "qckdev.Arduino", "qckdev.Arduino\qckdev.Arduino.vcxitems", "{6A6907AF-1870-42DE-96F9-4B56C7503822}"
EndProject
Project("{8BC9CEB8-8B4A-11D0-8D11-00A0C91BC942}") = "qckdev.ESP.WebServer", "qckdev.ESP.WebServer\qckdev.ESP.WebServer.vcxitems", "{392E88A0-556A-4927-8AE8-37D0A9178154}"
EndProject
Project("{8BC9CEB8-8B4A-11D0-8D11-00A0C91BC942}") = "qckdev.ESP.WiFi", "qckdev.ESP.WiFi\qckdev.ESP.WiFi.vcxitems", "{8A625961-956E-43CE-9629-2E834C833343}"
EndProject
Project("{8BC9CEB8-8B4A-11D0-8D11-00A0C91BC942}") = "qckdev.Arduino.LinkedList", "qckdev.Arduino.LinkedList\qckdev.Arduino.LinkedList.vcxitems", "{1F1ADD5B-F7A3-4D14-9BBB-6095B8FAE90B}"
EndProject
Project("{8BC9CEB8-8B4A-11D0-8D11-00A0C91BC942}") = "qckdev.ESP.Updater", "qckdev.ESP.Updater\qckdev.ESP.Updater.vcxitems", "{3BC750AB-3FA0-4989-B70E-C534E20C76AE}"
EndProject
Project("{8BC9CEB8-8B4A-11D0-8D11-00A0C91BC942}") = "qckdev.ESP.WebUpdateServer", "qckdev.ESP.WebUpdateServer\qckdev.ESP.WebUpdateServer.vcxitems", "{ADB54044-AE1C-4841-B6BE-2564B81267C9}"
EndProject
Global
	GlobalSection(SolutionConfigurationPlatforms) = preSolution
		Debug|x64 = Debug|x64
		Debug|x86 = Debug|x86
		Release|x64 = Release|x64
		Release|x86 = Release|x86
	EndGlobalSection
	GlobalSection(SolutionProperties) = preSolution
		HideSolutionNode = FALSE
	EndGlobalSection
	GlobalSection(ExtensibilityGlobals) = postSolution
		SolutionGuid = {5C486C65-1687-484D-8C25-0295317DFFD5}
	EndGlobalSection
EndGlobal
